
Microsoft Visual Studio Solution File, Format Version 12.00
# Visual Studio 15
VisualStudioVersion = 15.0.28307.168
MinimumVisualStudioVersion = 10.0.40219.1
Project("{8BC9CEB8-8B4A-11D0-8D11-00A0C91BC942}") = "CefWin", "CefWin\CefWin.vcxproj", "{3CCBE385-CDB0-437D-B270-25A8D5906B0C}"
EndProject
Project("{8BC9CEB8-8B4A-11D0-8D11-00A0C91BC942}") = "Tester", "Tester\Tester.vcxproj", "{A3E353A7-AC27-4A7D-B123-491303CA4F4E}"
	ProjectSection(ProjectDependencies) = postProject
		{3CCBE385-CDB0-437D-B270-25A8D5906B0C} = {3CCBE385-CDB0-437D-B270-25A8D5906B0C}
	EndProjectSection
EndProject
Project("{2150E333-8FDC-42A3-9474-1A3956D46DE8}") = "CefIncludes", "CefIncludes", "{3F0FC496-6694-4CCC-BE80-D77448BF67E0}"
	ProjectSection(SolutionItems) = preProject
		CefIncludes\CefInterface.cpp = CefIncludes\CefInterface.cpp
		CefIncludes\CefInterface.h = CefIncludes\CefInterface.h
	EndProjectSection
EndProject
Project("{2150E333-8FDC-42A3-9474-1A3956D46DE8}") = "Solution Items", "Solution Items", "{5F3633D2-9D18-400E-9843-5C8CF0A70B89}"
	ProjectSection(SolutionItems) = preProject
		LICENSE = LICENSE
		README.md = README.md
	EndProjectSection
EndProject
Global
	GlobalSection(SolutionConfigurationPlatforms) = preSolution
		Debug|x64 = Debug|x64
		Debug|x86 = Debug|x86
		Release|x64 = Release|x64
		Release|x86 = Release|x86
	EndGlobalSection
	GlobalSection(ProjectConfigurationPlatforms) = postSolution
		{3CCBE385-CDB0-437D-B270-25A8D5906B0C}.Debug|x64.ActiveCfg = Debug|x64
		{3CCBE385-CDB0-437D-B270-25A8D5906B0C}.Debug|x64.Build.0 = Debug|x64
		{3CCBE385-CDB0-437D-B270-25A8D5906B0C}.Debug|x86.ActiveCfg = Debug|x64
		{3CCBE385-CDB0-437D-B270-25A8D5906B0C}.Debug|x86.Build.0 = Debug|x64
		{3CCBE385-CDB0-437D-B270-25A8D5906B0C}.Release|x64.ActiveCfg = Debug|x64
		{3CCBE385-CDB0-437D-B270-25A8D5906B0C}.Release|x64.Build.0 = Debug|x64
		{3CCBE385-CDB0-437D-B270-25A8D5906B0C}.Release|x86.ActiveCfg = Debug|x64
		{3CCBE385-CDB0-437D-B270-25A8D5906B0C}.Release|x86.Build.0 = Debug|x64
		{A3E353A7-AC27-4A7D-B123-491303CA4F4E}.Debug|x64.ActiveCfg = Debug|x64
		{A3E353A7-AC27-4A7D-B123-491303CA4F4E}.Debug|x64.Build.0 = Debug|x64
		{A3E353A7-AC27-4A7D-B123-491303CA4F4E}.Debug|x86.ActiveCfg = Debug|x64
		{A3E353A7-AC27-4A7D-B123-491303CA4F4E}.Debug|x86.Build.0 = Debug|x64
		{A3E353A7-AC27-4A7D-B123-491303CA4F4E}.Release|x64.ActiveCfg = Debug|x64
		{A3E353A7-AC27-4A7D-B123-491303CA4F4E}.Release|x64.Build.0 = Debug|x64
		{A3E353A7-AC27-4A7D-B123-491303CA4F4E}.Release|x86.ActiveCfg = Debug|x64
		{A3E353A7-AC27-4A7D-B123-491303CA4F4E}.Release|x86.Build.0 = Debug|x64
	EndGlobalSection
	GlobalSection(SolutionProperties) = preSolution
		HideSolutionNode = FALSE
	EndGlobalSection
	GlobalSection(ExtensibilityGlobals) = postSolution
		SolutionGuid = {6217C94A-C7E7-48C5-8A0E-A1A39956DF8E}
	EndGlobalSection
EndGlobal
